
Microsoft Visual Studio Solution File, Format Version 12.00
# Visual Studio 15
VisualStudioVersion = 15.0.28306.52
MinimumVisualStudioVersion = 10.0.40219.1
Project("{FAE04EC0-301F-11D3-BF4B-00C04F79EFBC}") = "Pars", "Pars\Pars.csproj", "{0CA7C9D7-7124-44F0-AEEC-46E31A83446B}"
EndProject
Global
	GlobalSection(SolutionConfigurationPlatforms) = preSolution
		Debug|Any CPU = Debug|Any CPU
		Release|Any CPU = Release|Any CPU
	EndGlobalSection
	GlobalSection(ProjectConfigurationPlatforms) = postSolution
		{0CA7C9D7-7124-44F0-AEEC-46E31A83446B}.Debug|Any CPU.ActiveCfg = Debug|Any CPU
		{0CA7C9D7-7124-44F0-AEEC-46E31A83446B}.Debug|Any CPU.Build.0 = Debug|Any CPU
		{0CA7C9D7-7124-44F0-AEEC-46E31A83446B}.Release|Any CPU.ActiveCfg = Release|Any CPU
		{0CA7C9D7-7124-44F0-AEEC-46E31A83446B}.Release|Any CPU.Build.0 = Release|Any CPU
	EndGlobalSection
	GlobalSection(SolutionProperties) = preSolution
		HideSolutionNode = FALSE
	EndGlobalSection
	GlobalSection(ExtensibilityGlobals) = postSolution
		SolutionGuid = {F63A79FE-7E5B-4EDE-9103-0343D3FE5175}
	EndGlobalSection
EndGlobal
